
Microsoft Visual Studio Solution File, Format Version 12.00
# Visual Studio Version 17
VisualStudioVersion = 17.11.35222.181
MinimumVisualStudioVersion = 10.0.40219.1
Project("{FAE04EC0-301F-11D3-BF4B-00C04F79EFBC}") = "KeepNote", "KeepNote.csproj", "{4CE9CBE7-44C0-496F-9584-7F2202D58D4A}"
EndProject
Global
	GlobalSection(SolutionConfigurationPlatforms) = preSolution
		Debug|Any CPU = Debug|Any CPU
		Release|Any CPU = Release|Any CPU
	EndGlobalSection
	GlobalSection(ProjectConfigurationPlatforms) = postSolution
		{4CE9CBE7-44C0-496F-9584-7F2202D58D4A}.Debug|Any CPU.ActiveCfg = Debug|Any CPU
		{4CE9CBE7-44C0-496F-9584-7F2202D58D4A}.Debug|Any CPU.Build.0 = Debug|Any CPU
		{4CE9CBE7-44C0-496F-9584-7F2202D58D4A}.Release|Any CPU.ActiveCfg = Release|Any CPU
		{4CE9CBE7-44C0-496F-9584-7F2202D58D4A}.Release|Any CPU.Build.0 = Release|Any CPU
	EndGlobalSection
	GlobalSection(SolutionProperties) = preSolution
		HideSolutionNode = FALSE
	EndGlobalSection
	GlobalSection(ExtensibilityGlobals) = postSolution
		SolutionGuid = {3DE32069-0803-4C1C-AF9E-201B5DBE7CF0}
	EndGlobalSection
EndGlobal
